results/Peaks/wgEncodeUwDnaseK562AlnRep1.chr22.macs2_peaks.narrowPeak.sorted
results/Peaks/wgEncodeUwDnaseK562AlnRep1.chr22.macs2_peaks.narrowPeak.candidateRegions.bed
results/Peaks/wgEncodeUwDnaseK562AlnRep1.chr22.macs2_peaks.narrowPeak
results/Neighborhoods/EnhancerList.txt
results/Neighborhoods/GeneList.txt
results/Predictions/EnhancerPredictions.txt
results/Predictions/EnhancerPredictionsFull.txt
results/predictions/EnhancerPredictions.bedpe
results/Predictions/EnhancerPredictionsAllPutative.ForVariantOverlap.shrunk150bp.txt.gz
results/Predictions/EnhancerPredictionsAllPutative.txt.gz
results/Predictions/EnhancerPredictionsAllPutativeNonExpressedGenes.txt.gz
results/Predictions/parameters.predict.txt
